
Microsoft Visual Studio Solution File, Format Version 12.00
# Visual Studio Version 17
VisualStudioVersion = 17.9.34714.143
MinimumVisualStudioVersion = 10.0.40219.1
Project("{9A19103F-16F7-4668-BE54-9A1E7A4F7556}") = "catering.Api", "ApiCatering\catering.Api.csproj", "{746D982B-0F62-4568-A870-B47D5D838F5F}"
EndProject
Project("{9A19103F-16F7-4668-BE54-9A1E7A4F7556}") = "Cateing.Entity", "Cateing.Entity\Cateing.Entity.csproj", "{5DFA5FDC-B8C3-4F81-B7CD-5EEDFFCAB4D4}"
EndProject
Project("{9A19103F-16F7-4668-BE54-9A1E7A4F7556}") = "Catering.Data", "Catering.Data\Catering.Data.csproj", "{B069D342-C12B-4687-A602-132F1DABA395}"
EndProject
Project("{9A19103F-16F7-4668-BE54-9A1E7A4F7556}") = "Catering.Business", "Catering.Business\Catering.Business.csproj", "{C78CFBDD-7FB9-4218-96E5-5114E5934550}"
EndProject
Global
	GlobalSection(SolutionConfigurationPlatforms) = preSolution
		Debug|Any CPU = Debug|Any CPU
		Release|Any CPU = Release|Any CPU
	EndGlobalSection
	GlobalSection(ProjectConfigurationPlatforms) = postSolution
		{746D982B-0F62-4568-A870-B47D5D838F5F}.Debug|Any CPU.ActiveCfg = Debug|Any CPU
		{746D982B-0F62-4568-A870-B47D5D838F5F}.Debug|Any CPU.Build.0 = Debug|Any CPU
		{746D982B-0F62-4568-A870-B47D5D838F5F}.Release|Any CPU.ActiveCfg = Release|Any CPU
		{746D982B-0F62-4568-A870-B47D5D838F5F}.Release|Any CPU.Build.0 = Release|Any CPU
		{5DFA5FDC-B8C3-4F81-B7CD-5EEDFFCAB4D4}.Debug|Any CPU.ActiveCfg = Debug|Any CPU
		{5DFA5FDC-B8C3-4F81-B7CD-5EEDFFCAB4D4}.Debug|Any CPU.Build.0 = Debug|Any CPU
		{5DFA5FDC-B8C3-4F81-B7CD-5EEDFFCAB4D4}.Release|Any CPU.ActiveCfg = Release|Any CPU
		{5DFA5FDC-B8C3-4F81-B7CD-5EEDFFCAB4D4}.Release|Any CPU.Build.0 = Release|Any CPU
		{B069D342-C12B-4687-A602-132F1DABA395}.Debug|Any CPU.ActiveCfg = Debug|Any CPU
		{B069D342-C12B-4687-A602-132F1DABA395}.Debug|Any CPU.Build.0 = Debug|Any CPU
		{B069D342-C12B-4687-A602-132F1DABA395}.Release|Any CPU.ActiveCfg = Release|Any CPU
		{B069D342-C12B-4687-A602-132F1DABA395}.Release|Any CPU.Build.0 = Release|Any CPU
		{C78CFBDD-7FB9-4218-96E5-5114E5934550}.Debug|Any CPU.ActiveCfg = Debug|Any CPU
		{C78CFBDD-7FB9-4218-96E5-5114E5934550}.Debug|Any CPU.Build.0 = Debug|Any CPU
		{C78CFBDD-7FB9-4218-96E5-5114E5934550}.Release|Any CPU.ActiveCfg = Release|Any CPU
		{C78CFBDD-7FB9-4218-96E5-5114E5934550}.Release|Any CPU.Build.0 = Release|Any CPU
	EndGlobalSection
	GlobalSection(SolutionProperties) = preSolution
		HideSolutionNode = FALSE
	EndGlobalSection
	GlobalSection(ExtensibilityGlobals) = postSolution
		SolutionGuid = {F9DD1FCA-4C60-4CF6-81A2-CBF1A0AB02F6}
	EndGlobalSection
EndGlobal
